
Microsoft Visual Studio Solution File, Format Version 12.00
Project("{FAE04EC0-301F-11D3-BF4B-00C04F79EFBC}") = "LearningApp", "LearningApp\LearningApp.csproj", "{9A5D9434-ACB0-4374-8778-FE37132D2263}"
EndProject
Project("{FAE04EC0-301F-11D3-BF4B-00C04F79EFBC}") = "LearningApp.Web", "LearningApp.Web\LearningApp.Web.csproj", "{9A105F23-A0C7-42FE-BB9A-DD31217E5402}"
EndProject
Global
	GlobalSection(SolutionConfigurationPlatforms) = preSolution
		Debug|Any CPU = Debug|Any CPU
		Release|Any CPU = Release|Any CPU
	EndGlobalSection
	GlobalSection(ProjectConfigurationPlatforms) = postSolution
		{9A5D9434-ACB0-4374-8778-FE37132D2263}.Debug|Any CPU.ActiveCfg = Debug|Any CPU
		{9A5D9434-ACB0-4374-8778-FE37132D2263}.Debug|Any CPU.Build.0 = Debug|Any CPU
		{9A5D9434-ACB0-4374-8778-FE37132D2263}.Release|Any CPU.ActiveCfg = Release|Any CPU
		{9A5D9434-ACB0-4374-8778-FE37132D2263}.Release|Any CPU.Build.0 = Release|Any CPU
		{9A105F23-A0C7-42FE-BB9A-DD31217E5402}.Debug|Any CPU.ActiveCfg = Debug|Any CPU
		{9A105F23-A0C7-42FE-BB9A-DD31217E5402}.Debug|Any CPU.Build.0 = Debug|Any CPU
		{9A105F23-A0C7-42FE-BB9A-DD31217E5402}.Release|Any CPU.ActiveCfg = Release|Any CPU
		{9A105F23-A0C7-42FE-BB9A-DD31217E5402}.Release|Any CPU.Build.0 = Release|Any CPU
	EndGlobalSection
EndGlobal
